
Microsoft Visual Studio Solution File, Format Version 12.00
# Visual Studio Version 16
VisualStudioVersion = 16.0.30717.126
MinimumVisualStudioVersion = 10.0.40219.1
Project("{FAE04EC0-301F-11D3-BF4B-00C04F79EFBC}") = "Project1", "Project1\Project1.csproj", "{DB1DAE54-2063-4289-A8BC-AE2E2B427112}"
EndProject
Global
	GlobalSection(SolutionConfigurationPlatforms) = preSolution
		Debug|Any CPU = Debug|Any CPU
		Release|Any CPU = Release|Any CPU
	EndGlobalSection
	GlobalSection(ProjectConfigurationPlatforms) = postSolution
		{DB1DAE54-2063-4289-A8BC-AE2E2B427112}.Debug|Any CPU.ActiveCfg = Debug|Any CPU
		{DB1DAE54-2063-4289-A8BC-AE2E2B427112}.Debug|Any CPU.Build.0 = Debug|Any CPU
		{DB1DAE54-2063-4289-A8BC-AE2E2B427112}.Release|Any CPU.ActiveCfg = Release|Any CPU
		{DB1DAE54-2063-4289-A8BC-AE2E2B427112}.Release|Any CPU.Build.0 = Release|Any CPU
	EndGlobalSection
	GlobalSection(SolutionProperties) = preSolution
		HideSolutionNode = FALSE
	EndGlobalSection
	GlobalSection(ExtensibilityGlobals) = postSolution
		SolutionGuid = {6F8D0654-7C15-4FBF-ACF3-824C7D7CB001}
	EndGlobalSection
EndGlobal
