
Microsoft Visual Studio Solution File, Format Version 12.00
# Visual Studio Version 16
VisualStudioVersion = 16.0.29009.5
MinimumVisualStudioVersion = 10.0.40219.1
Project("{FAE04EC0-301F-11D3-BF4B-00C04F79EFBC}") = "Proxy", "Proxy\Proxy.csproj", "{E343FF12-A738-4742-BA3A-14C03BA13AC7}"
EndProject
Global
	GlobalSection(SolutionConfigurationPlatforms) = preSolution
		Debug|Any CPU = Debug|Any CPU
		Release|Any CPU = Release|Any CPU
	EndGlobalSection
	GlobalSection(ProjectConfigurationPlatforms) = postSolution
		{E343FF12-A738-4742-BA3A-14C03BA13AC7}.Debug|Any CPU.ActiveCfg = Debug|Any CPU
		{E343FF12-A738-4742-BA3A-14C03BA13AC7}.Debug|Any CPU.Build.0 = Debug|Any CPU
		{E343FF12-A738-4742-BA3A-14C03BA13AC7}.Release|Any CPU.ActiveCfg = Release|Any CPU
		{E343FF12-A738-4742-BA3A-14C03BA13AC7}.Release|Any CPU.Build.0 = Release|Any CPU
	EndGlobalSection
	GlobalSection(SolutionProperties) = preSolution
		HideSolutionNode = FALSE
	EndGlobalSection
	GlobalSection(ExtensibilityGlobals) = postSolution
		SolutionGuid = {5E6547C0-AB12-44EF-A59A-438DB7070338}
	EndGlobalSection
EndGlobal
