
Microsoft Visual Studio Solution File, Format Version 12.00
# Visual Studio Version 16
VisualStudioVersion = 16.0.29009.5
MinimumVisualStudioVersion = 10.0.40219.1
Project("{FAE04EC0-301F-11D3-BF4B-00C04F79EFBC}") = "Observer", "Observer.csproj", "{307D3F06-91D1-472D-8473-265CAB3E1D25}"
EndProject
Global
	GlobalSection(SolutionConfigurationPlatforms) = preSolution
		Debug|Any CPU = Debug|Any CPU
		Release|Any CPU = Release|Any CPU
	EndGlobalSection
	GlobalSection(ProjectConfigurationPlatforms) = postSolution
		{307D3F06-91D1-472D-8473-265CAB3E1D25}.Debug|Any CPU.ActiveCfg = Debug|Any CPU
		{307D3F06-91D1-472D-8473-265CAB3E1D25}.Debug|Any CPU.Build.0 = Debug|Any CPU
		{307D3F06-91D1-472D-8473-265CAB3E1D25}.Release|Any CPU.ActiveCfg = Release|Any CPU
		{307D3F06-91D1-472D-8473-265CAB3E1D25}.Release|Any CPU.Build.0 = Release|Any CPU
	EndGlobalSection
	GlobalSection(SolutionProperties) = preSolution
		HideSolutionNode = FALSE
	EndGlobalSection
	GlobalSection(ExtensibilityGlobals) = postSolution
		SolutionGuid = {49DDBDD2-A672-43AB-B238-0996C3C0BDC2}
	EndGlobalSection
EndGlobal
